// !$*UTF8*$!
{
	archiveVersion = 1;
	classes = {
	};
	objectVersion = 56;
	objects = {

/* Begin PBXBuildFile section */
		F3AB4F082BE4EE0000241516 /* AppDelegate.swift in Sources */ = {isa = PBXBuildFile; fileRef = F3AB4F072BE4EE0000241516 /* AppDelegate.swift */; };
		F3AB4F0A2BE4EE0000241516 /* SceneDelegate.swift in Sources */ = {isa = PBXBuildFile; fileRef = F3AB4F092BE4EE0000241516 /* SceneDelegate.swift */; };
		F3AB4F112BE4EE0100241516 /* Assets.xcassets in Resources */ = {isa = PBXBuildFile; fileRef = F3AB4F102BE4EE0100241516 /* Assets.xcassets */; };
		F3AB4F142BE4EE0100241516 /* LaunchScreen.storyboard in Resources */ = {isa = PBXBuildFile; fileRef = F3AB4F122BE4EE0100241516 /* LaunchScreen.storyboard */; };
		F3C3D9F12BE9E7D5002BC8FA /* BookCollectionViewCell.swift in Sources */ = {isa = PBXBuildFile; fileRef = F3C3D9F02BE9E7D5002BC8FA /* BookCollectionViewCell.swift */; };
		F3C3D9F32BE9F1D9002BC8FA /* NetworkingManager.swift in Sources */ = {isa = PBXBuildFile; fileRef = F3C3D9F22BE9F1D9002BC8FA /* NetworkingManager.swift */; };
		F3C3D9F52BE9F651002BC8FA /* BookData.swift in Sources */ = {isa = PBXBuildFile; fileRef = F3C3D9F42BE9F651002BC8FA /* BookData.swift */; };
		F3C3D9F82BE9FBC9002BC8FA /* Kingfisher in Frameworks */ = {isa = PBXBuildFile; productRef = F3C3D9F72BE9FBC9002BC8FA /* Kingfisher */; };
		F3CD79212BE4EFD40041CF88 /* TabBarViewController.swift in Sources */ = {isa = PBXBuildFile; fileRef = F3CD79202BE4EFD40041CF88 /* TabBarViewController.swift */; };
		F3CD79232BE4F0960041CF88 /* SearchTabViewController.swift in Sources */ = {isa = PBXBuildFile; fileRef = F3CD79222BE4F0960041CF88 /* SearchTabViewController.swift */; };
		F3CD79252BE4F4B60041CF88 /* SavedBooksViewController.swift in Sources */ = {isa = PBXBuildFile; fileRef = F3CD79242BE4F4B60041CF88 /* SavedBooksViewController.swift */; };
		F3CD79272BE4F4CD0041CF88 /* BookDetailViewController.swift in Sources */ = {isa = PBXBuildFile; fileRef = F3CD79262BE4F4CD0041CF88 /* BookDetailViewController.swift */; };
		F3CD792A2BE6A6FC0041CF88 /* SnapKit in Frameworks */ = {isa = PBXBuildFile; productRef = F3CD79292BE6A6FC0041CF88 /* SnapKit */; };
		F3CD792C2BE8D0BD0041CF88 /* SearchResultViewController.swift in Sources */ = {isa = PBXBuildFile; fileRef = F3CD792B2BE8D0BD0041CF88 /* SearchResultViewController.swift */; };
/* End PBXBuildFile section */

/* Begin PBXFileReference section */
		F3AB4F042BE4EE0000241516 /* BookStore.app */ = {isa = PBXFileReference; explicitFileType = wrapper.application; includeInIndex = 0; path = BookStore.app; sourceTree = BUILT_PRODUCTS_DIR; };
		F3AB4F072BE4EE0000241516 /* AppDelegate.swift */ = {isa = PBXFileReference; lastKnownFileType = sourcecode.swift; path = AppDelegate.swift; sourceTree = "<group>"; };
		F3AB4F092BE4EE0000241516 /* SceneDelegate.swift */ = {isa = PBXFileReference; lastKnownFileType = sourcecode.swift; path = SceneDelegate.swift; sourceTree = "<group>"; };
		F3AB4F102BE4EE0100241516 /* Assets.xcassets */ = {isa = PBXFileReference; lastKnownFileType = folder.assetcatalog; path = Assets.xcassets; sourceTree = "<group>"; };
		F3AB4F132BE4EE0100241516 /* Base */ = {isa = PBXFileReference; lastKnownFileType = file.storyboard; name = Base; path = Base.lproj/LaunchScreen.storyboard; sourceTree = "<group>"; };
		F3AB4F152BE4EE0100241516 /* Info.plist */ = {isa = PBXFileReference; lastKnownFileType = text.plist.xml; path = Info.plist; sourceTree = "<group>"; };
		F3C3D9F02BE9E7D5002BC8FA /* BookCollectionViewCell.swift */ = {isa = PBXFileReference; lastKnownFileType = sourcecode.swift; path = BookCollectionViewCell.swift; sourceTree = "<group>"; };
		F3C3D9F22BE9F1D9002BC8FA /* NetworkingManager.swift */ = {isa = PBXFileReference; lastKnownFileType = sourcecode.swift; path = NetworkingManager.swift; sourceTree = "<group>"; };
		F3C3D9F42BE9F651002BC8FA /* BookData.swift */ = {isa = PBXFileReference; lastKnownFileType = sourcecode.swift; path = BookData.swift; sourceTree = "<group>"; };
		F3CD79202BE4EFD40041CF88 /* TabBarViewController.swift */ = {isa = PBXFileReference; lastKnownFileType = sourcecode.swift; path = TabBarViewController.swift; sourceTree = "<group>"; };
		F3CD79222BE4F0960041CF88 /* SearchTabViewController.swift */ = {isa = PBXFileReference; lastKnownFileType = sourcecode.swift; path = SearchTabViewController.swift; sourceTree = "<group>"; };
		F3CD79242BE4F4B60041CF88 /* SavedBooksViewController.swift */ = {isa = PBXFileReference; lastKnownFileType = sourcecode.swift; path = SavedBooksViewController.swift; sourceTree = "<group>"; };
		F3CD79262BE4F4CD0041CF88 /* BookDetailViewController.swift */ = {isa = PBXFileReference; lastKnownFileType = sourcecode.swift; path = BookDetailViewController.swift; sourceTree = "<group>"; };
		F3CD792B2BE8D0BD0041CF88 /* SearchResultViewController.swift */ = {isa = PBXFileReference; lastKnownFileType = sourcecode.swift; path = SearchResultViewController.swift; sourceTree = "<group>"; };
/* End PBXFileReference section */

/* Begin PBXFrameworksBuildPhase section */
		F3AB4F012BE4EE0000241516 /* Frameworks */ = {
			isa = PBXFrameworksBuildPhase;
			buildActionMask = 2147483647;
			files = (
				F3C3D9F82BE9FBC9002BC8FA /* Kingfisher in Frameworks */,
				F3CD792A2BE6A6FC0041CF88 /* SnapKit in Frameworks */,
			);
			runOnlyForDeploymentPostprocessing = 0;
		};
/* End PBXFrameworksBuildPhase section */

/* Begin PBXGroup section */
		F3AB4EFB2BE4EE0000241516 = {
			isa = PBXGroup;
			children = (
				F3AB4F062BE4EE0000241516 /* BookStore */,
				F3AB4F052BE4EE0000241516 /* Products */,
			);
			sourceTree = "<group>";
		};
		F3AB4F052BE4EE0000241516 /* Products */ = {
			isa = PBXGroup;
			children = (
				F3AB4F042BE4EE0000241516 /* BookStore.app */,
			);
			name = Products;
			sourceTree = "<group>";
		};
		F3AB4F062BE4EE0000241516 /* BookStore */ = {
			isa = PBXGroup;
			children = (
				F3AB4F072BE4EE0000241516 /* AppDelegate.swift */,
				F3AB4F092BE4EE0000241516 /* SceneDelegate.swift */,
				F3C3D9F42BE9F651002BC8FA /* BookData.swift */,
				F3C3D9F22BE9F1D9002BC8FA /* NetworkingManager.swift */,
				F3CD79202BE4EFD40041CF88 /* TabBarViewController.swift */,
				F3CD79222BE4F0960041CF88 /* SearchTabViewController.swift */,
				F3CD792B2BE8D0BD0041CF88 /* SearchResultViewController.swift */,
				F3C3D9F02BE9E7D5002BC8FA /* BookCollectionViewCell.swift */,
				F3CD79262BE4F4CD0041CF88 /* BookDetailViewController.swift */,
				F3CD79242BE4F4B60041CF88 /* SavedBooksViewController.swift */,
				F3AB4F102BE4EE0100241516 /* Assets.xcassets */,
				F3AB4F122BE4EE0100241516 /* LaunchScreen.storyboard */,
				F3AB4F152BE4EE0100241516 /* Info.plist */,
			);
			path = BookStore;
			sourceTree = "<group>";
		};
/* End PBXGroup section */

/* Begin PBXNativeTarget section */
		F3AB4F032BE4EE0000241516 /* BookStore */ = {
			isa = PBXNativeTarget;
			buildConfigurationList = F3AB4F182BE4EE0100241516 /* Build configuration list for PBXNativeTarget "BookStore" */;
			buildPhases = (
				F3AB4F002BE4EE0000241516 /* Sources */,
				F3AB4F012BE4EE0000241516 /* Frameworks */,
				F3AB4F022BE4EE0000241516 /* Resources */,
			);
			buildRules = (
			);
			dependencies = (
			);
			name = BookStore;
			packageProductDependencies = (
				F3CD79292BE6A6FC0041CF88 /* SnapKit */,
				F3C3D9F72BE9FBC9002BC8FA /* Kingfisher */,
			);
			productName = BookStore;
			productReference = F3AB4F042BE4EE0000241516 /* BookStore.app */;
			productType = "com.apple.product-type.application";
		};
/* End PBXNativeTarget section */

/* Begin PBXProject section */
		F3AB4EFC2BE4EE0000241516 /* Project object */ = {
			isa = PBXProject;
			attributes = {
				BuildIndependentTargetsInParallel = 1;
				LastSwiftUpdateCheck = 1500;
				LastUpgradeCheck = 1500;
				TargetAttributes = {
					F3AB4F032BE4EE0000241516 = {
						CreatedOnToolsVersion = 15.0;
					};
				};
			};
			buildConfigurationList = F3AB4EFF2BE4EE0000241516 /* Build configuration list for PBXProject "BookStore" */;
			compatibilityVersion = "Xcode 14.0";
			developmentRegion = en;
			hasScannedForEncodings = 0;
			knownRegions = (
				en,
				Base,
			);
			mainGroup = F3AB4EFB2BE4EE0000241516;
			packageReferences = (
				F3CD79282BE6A6FC0041CF88 /* XCRemoteSwiftPackageReference "SnapKit" */,
				F3C3D9F62BE9FBC9002BC8FA /* XCRemoteSwiftPackageReference "Kingfisher" */,
			);
			productRefGroup = F3AB4F052BE4EE0000241516 /* Products */;
			projectDirPath = "";
			projectRoot = "";
			targets = (
				F3AB4F032BE4EE0000241516 /* BookStore */,
			);
		};
/* End PBXProject section */

/* Begin PBXResourcesBuildPhase section */
		F3AB4F022BE4EE0000241516 /* Resources */ = {
			isa = PBXResourcesBuildPhase;
			buildActionMask = 2147483647;
			files = (
				F3AB4F142BE4EE0100241516 /* LaunchScreen.storyboard in Resources */,
				F3AB4F112BE4EE0100241516 /* Assets.xcassets in Resources */,
			);
			runOnlyForDeploymentPostprocessing = 0;
		};
/* End PBXResourcesBuildPhase section */

/* Begin PBXSourcesBuildPhase section */
		F3AB4F002BE4EE0000241516 /* Sources */ = {
			isa = PBXSourcesBuildPhase;
			buildActionMask = 2147483647;
			files = (
				F3C3D9F52BE9F651002BC8FA /* BookData.swift in Sources */,
				F3CD79232BE4F0960041CF88 /* SearchTabViewController.swift in Sources */,
				F3C3D9F12BE9E7D5002BC8FA /* BookCollectionViewCell.swift in Sources */,
				F3CD792C2BE8D0BD0041CF88 /* SearchResultViewController.swift in Sources */,
				F3CD79212BE4EFD40041CF88 /* TabBarViewController.swift in Sources */,
				F3CD79252BE4F4B60041CF88 /* SavedBooksViewController.swift in Sources */,
				F3AB4F082BE4EE0000241516 /* AppDelegate.swift in Sources */,
				F3C3D9F32BE9F1D9002BC8FA /* NetworkingManager.swift in Sources */,
				F3AB4F0A2BE4EE0000241516 /* SceneDelegate.swift in Sources */,
				F3CD79272BE4F4CD0041CF88 /* BookDetailViewController.swift in Sources */,
			);
			runOnlyForDeploymentPostprocessing = 0;
		};
/* End PBXSourcesBuildPhase section */

/* Begin PBXVariantGroup section */
		F3AB4F122BE4EE0100241516 /* LaunchScreen.storyboard */ = {
			isa = PBXVariantGroup;
			children = (
				F3AB4F132BE4EE0100241516 /* Base */,
			);
			name = LaunchScreen.storyboard;
			sourceTree = "<group>";
		};
/* End PBXVariantGroup section */

/* Begin XCBuildConfiguration section */
		F3AB4F162BE4EE0100241516 /* Debug */ = {
			isa = XCBuildConfiguration;
			buildSettings = {
				ALWAYS_SEARCH_USER_PATHS = NO;
				ASSETCATALOG_COMPILER_GENERATE_SWIFT_ASSET_SYMBOL_EXTENSIONS = YES;
				CLANG_ANALYZER_NONNULL = YES;
				CLANG_ANALYZER_NUMBER_OBJECT_CONVERSION = YES_AGGRESSIVE;
				CLANG_CXX_LANGUAGE_STANDARD = "gnu++20";
				CLANG_ENABLE_MODULES = YES;
				CLANG_ENABLE_OBJC_ARC = YES;
				CLANG_ENABLE_OBJC_WEAK = YES;
				CLANG_WARN_BLOCK_CAPTURE_AUTORELEASING = YES;
				CLANG_WARN_BOOL_CONVERSION = YES;
				CLANG_WARN_COMMA = YES;
				CLANG_WARN_CONSTANT_CONVERSION = YES;
				CLANG_WARN_DEPRECATED_OBJC_IMPLEMENTATIONS = YES;
				CLANG_WARN_DIRECT_OBJC_ISA_USAGE = YES_ERROR;
				CLANG_WARN_DOCUMENTATION_COMMENTS = YES;
				CLANG_WARN_EMPTY_BODY = YES;
				CLANG_WARN_ENUM_CONVERSION = YES;
				CLANG_WARN_INFINITE_RECURSION = YES;
				CLANG_WARN_INT_CONVERSION = YES;
				CLANG_WARN_NON_LITERAL_NULL_CONVERSION = YES;
				CLANG_WARN_OBJC_IMPLICIT_RETAIN_SELF = YES;
				CLANG_WARN_OBJC_LITERAL_CONVERSION = YES;
				CLANG_WARN_OBJC_ROOT_CLASS = YES_ERROR;
				CLANG_WARN_QUOTED_INCLUDE_IN_FRAMEWORK_HEADER = YES;
				CLANG_WARN_RANGE_LOOP_ANALYSIS = YES;
				CLANG_WARN_STRICT_PROTOTYPES = YES;
				CLANG_WARN_SUSPICIOUS_MOVE = YES;
				CLANG_WARN_UNGUARDED_AVAILABILITY = YES_AGGRESSIVE;
				CLANG_WARN_UNREACHABLE_CODE = YES;
				CLANG_WARN__DUPLICATE_METHOD_MATCH = YES;
				COPY_PHASE_STRIP = NO;
				DEBUG_INFORMATION_FORMAT = dwarf;
				ENABLE_STRICT_OBJC_MSGSEND = YES;
				ENABLE_TESTABILITY = YES;
				ENABLE_USER_SCRIPT_SANDBOXING = YES;
				GCC_C_LANGUAGE_STANDARD = gnu17;
				GCC_DYNAMIC_NO_PIC = NO;
				GCC_NO_COMMON_BLOCKS = YES;
				GCC_OPTIMIZATION_LEVEL = 0;
				GCC_PREPROCESSOR_DEFINITIONS = (
					"DEBUG=1",
					"$(inherited)",
				);
				GCC_WARN_64_TO_32_BIT_CONVERSION = YES;
				GCC_WARN_ABOUT_RETURN_TYPE = YES_ERROR;
				GCC_WARN_UNDECLARED_SELECTOR = YES;
				GCC_WARN_UNINITIALIZED_AUTOS = YES_AGGRESSIVE;
				GCC_WARN_UNUSED_FUNCTION = YES;
				GCC_WARN_UNUSED_VARIABLE = YES;
				IPHONEOS_DEPLOYMENT_TARGET = 17.0;
				LOCALIZATION_PREFERS_STRING_CATALOGS = YES;
				MTL_ENABLE_DEBUG_INFO = INCLUDE_SOURCE;
				MTL_FAST_MATH = YES;
				ONLY_ACTIVE_ARCH = YES;
				SDKROOT = iphoneos;
				SWIFT_ACTIVE_COMPILATION_CONDITIONS = "DEBUG $(inherited)";
				SWIFT_OPTIMIZATION_LEVEL = "-Onone";
			};
			name = Debug;
		};
		F3AB4F172BE4EE0100241516 /* Release */ = {
			isa = XCBuildConfiguration;
			buildSettings = {
				ALWAYS_SEARCH_USER_PATHS = NO;
				ASSETCATALOG_COMPILER_GENERATE_SWIFT_ASSET_SYMBOL_EXTENSIONS = YES;
				CLANG_ANALYZER_NONNULL = YES;
				CLANG_ANALYZER_NUMBER_OBJECT_CONVERSION = YES_AGGRESSIVE;
				CLANG_CXX_LANGUAGE_STANDARD = "gnu++20";
				CLANG_ENABLE_MODULES = YES;
				CLANG_ENABLE_OBJC_ARC = YES;
				CLANG_ENABLE_OBJC_WEAK = YES;
				CLANG_WARN_BLOCK_CAPTURE_AUTORELEASING = YES;
				CLANG_WARN_BOOL_CONVERSION = YES;
				CLANG_WARN_COMMA = YES;
				CLANG_WARN_CONSTANT_CONVERSION = YES;
				CLANG_WARN_DEPRECATED_OBJC_IMPLEMENTATIONS = YES;
				CLANG_WARN_DIRECT_OBJC_ISA_USAGE = YES_ERROR;
				CLANG_WARN_DOCUMENTATION_COMMENTS = YES;
				CLANG_WARN_EMPTY_BODY = YES;
				CLANG_WARN_ENUM_CONVERSION = YES;
				CLANG_WARN_INFINITE_RECURSION = YES;
				CLANG_WARN_INT_CONVERSION = YES;
				CLANG_WARN_NON_LITERAL_NULL_CONVERSION = YES;
				CLANG_WARN_OBJC_IMPLICIT_RETAIN_SELF = YES;
				CLANG_WARN_OBJC_LITERAL_CONVERSION = YES;
				CLANG_WARN_OBJC_ROOT_CLASS = YES_ERROR;
				CLANG_WARN_QUOTED_INCLUDE_IN_FRAMEWORK_HEADER = YES;
				CLANG_WARN_RANGE_LOOP_ANALYSIS = YES;
				CLANG_WARN_STRICT_PROTOTYPES = YES;
				CLANG_WARN_SUSPICIOUS_MOVE = YES;
				CLANG_WARN_UNGUARDED_AVAILABILITY = YES_AGGRESSIVE;
				CLANG_WARN_UNREACHABLE_CODE = YES;
				CLANG_WARN__DUPLICATE_METHOD_MATCH = YES;
				COPY_PHASE_STRIP = NO;
				DEBUG_INFORMATION_FORMAT = "dwarf-with-dsym";
				ENABLE_NS_ASSERTIONS = NO;
				ENABLE_STRICT_OBJC_MSGSEND = YES;
				ENABLE_USER_SCRIPT_SANDBOXING = YES;
				GCC_C_LANGUAGE_STANDARD = gnu17;
				GCC_NO_COMMON_BLOCKS = YES;
				GCC_WARN_64_TO_32_BIT_CONVERSION = YES;
				GCC_WARN_ABOUT_RETURN_TYPE = YES_ERROR;
				GCC_WARN_UNDECLARED_SELECTOR = YES;
				GCC_WARN_UNINITIALIZED_AUTOS = YES_AGGRESSIVE;
				GCC_WARN_UNUSED_FUNCTION = YES;
				GCC_WARN_UNUSED_VARIABLE = YES;
				IPHONEOS_DEPLOYMENT_TARGET = 17.0;
				LOCALIZATION_PREFERS_STRING_CATALOGS = YES;
				MTL_ENABLE_DEBUG_INFO = NO;
				MTL_FAST_MATH = YES;
				SDKROOT = iphoneos;
				SWIFT_COMPILATION_MODE = wholemodule;
				VALIDATE_PRODUCT = YES;
			};
			name = Release;
		};
		F3AB4F192BE4EE0100241516 /* Debug */ = {
			isa = XCBuildConfiguration;
			buildSettings = {
				ASSETCATALOG_COMPILER_APPICON_NAME = AppIcon;
				ASSETCATALOG_COMPILER_GLOBAL_ACCENT_COLOR_NAME = AccentColor;
				CODE_SIGN_STYLE = Automatic;
				CURRENT_PROJECT_VERSION = 1;
				GENERATE_INFOPLIST_FILE = YES;
				INFOPLIST_FILE = BookStore/Info.plist;
				INFOPLIST_KEY_UIApplicationSupportsIndirectInputEvents = YES;
				INFOPLIST_KEY_UILaunchStoryboardName = LaunchScreen;
				INFOPLIST_KEY_UIMainStoryboardFile = "";
				INFOPLIST_KEY_UISupportedInterfaceOrientations_iPad = "UIInterfaceOrientationPortrait UIInterfaceOrientationPortraitUpsideDown UIInterfaceOrientationLandscapeLeft UIInterfaceOrientationLandscapeRight";
				INFOPLIST_KEY_UISupportedInterfaceOrientations_iPhone = "UIInterfaceOrientationPortrait UIInterfaceOrientationLandscapeLeft UIInterfaceOrientationLandscapeRight";
				LD_RUNPATH_SEARCH_PATHS = (
					"$(inherited)",
					"@executable_path/Frameworks",
				);
				MARKETING_VERSION = 1.0;
				PRODUCT_BUNDLE_IDENTIFIER = com.test.BookStore;
				PRODUCT_NAME = "$(TARGET_NAME)";
				SWIFT_EMIT_LOC_STRINGS = YES;
				SWIFT_VERSION = 5.0;
				TARGETED_DEVICE_FAMILY = "1,2";
			};
			name = Debug;
		};
		F3AB4F1A2BE4EE0100241516 /* Release */ = {
			isa = XCBuildConfiguration;
			buildSettings = {
				ASSETCATALOG_COMPILER_APPICON_NAME = AppIcon;
				ASSETCATALOG_COMPILER_GLOBAL_ACCENT_COLOR_NAME = AccentColor;
				CODE_SIGN_STYLE = Automatic;
				CURRENT_PROJECT_VERSION = 1;
				GENERATE_INFOPLIST_FILE = YES;
				INFOPLIST_FILE = BookStore/Info.plist;
				INFOPLIST_KEY_UIApplicationSupportsIndirectInputEvents = YES;
				INFOPLIST_KEY_UILaunchStoryboardName = LaunchScreen;
				INFOPLIST_KEY_UIMainStoryboardFile = "";
				INFOPLIST_KEY_UISupportedInterfaceOrientations_iPad = "UIInterfaceOrientationPortrait UIInterfaceOrientationPortraitUpsideDown UIInterfaceOrientationLandscapeLeft UIInterfaceOrientationLandscapeRight";
				INFOPLIST_KEY_UISupportedInterfaceOrientations_iPhone = "UIInterfaceOrientationPortrait UIInterfaceOrientationLandscapeLeft UIInterfaceOrientationLandscapeRight";
				LD_RUNPATH_SEARCH_PATHS = (
					"$(inherited)",
					"@executable_path/Frameworks",
				);
				MARKETING_VERSION = 1.0;
				PRODUCT_BUNDLE_IDENTIFIER = com.test.BookStore;
				PRODUCT_NAME = "$(TARGET_NAME)";
				SWIFT_EMIT_LOC_STRINGS = YES;
				SWIFT_VERSION = 5.0;
				TARGETED_DEVICE_FAMILY = "1,2";
			};
			name = Release;
		};
/* End XCBuildConfiguration section */

/* Begin XCConfigurationList section */
		F3AB4EFF2BE4EE0000241516 /* Build configuration list for PBXProject "BookStore" */ = {
			isa = XCConfigurationList;
			buildConfigurations = (
				F3AB4F162BE4EE0100241516 /* Debug */,
				F3AB4F172BE4EE0100241516 /* Release */,
			);
			defaultConfigurationIsVisible = 0;
			defaultConfigurationName = Release;
		};
		F3AB4F182BE4EE0100241516 /* Build configuration list for PBXNativeTarget "BookStore" */ = {
			isa = XCConfigurationList;
			buildConfigurations = (
				F3AB4F192BE4EE0100241516 /* Debug */,
				F3AB4F1A2BE4EE0100241516 /* Release */,
			);
			defaultConfigurationIsVisible = 0;
			defaultConfigurationName = Release;
		};
/* End XCConfigurationList section */

/* Begin XCRemoteSwiftPackageReference section */
		F3C3D9F62BE9FBC9002BC8FA /* XCRemoteSwiftPackageReference "Kingfisher" */ = {
			isa = XCRemoteSwiftPackageReference;
			repositoryURL = "https://github.com/onevcat/Kingfisher";
			requirement = {
				kind = upToNextMajorVersion;
				minimumVersion = 7.11.0;
			};
		};
		F3CD79282BE6A6FC0041CF88 /* XCRemoteSwiftPackageReference "SnapKit" */ = {
			isa = XCRemoteSwiftPackageReference;
			repositoryURL = "https://github.com/SnapKit/SnapKit";
			requirement = {
				kind = upToNextMajorVersion;
				minimumVersion = 5.7.1;
			};
		};
/* End XCRemoteSwiftPackageReference section */

/* Begin XCSwiftPackageProductDependency section */
		F3C3D9F72BE9FBC9002BC8FA /* Kingfisher */ = {
			isa = XCSwiftPackageProductDependency;
			package = F3C3D9F62BE9FBC9002BC8FA /* XCRemoteSwiftPackageReference "Kingfisher" */;
			productName = Kingfisher;
		};
		F3CD79292BE6A6FC0041CF88 /* SnapKit */ = {
			isa = XCSwiftPackageProductDependency;
			package = F3CD79282BE6A6FC0041CF88 /* XCRemoteSwiftPackageReference "SnapKit" */;
			productName = SnapKit;
		};
/* End XCSwiftPackageProductDependency section */
	};
	rootObject = F3AB4EFC2BE4EE0000241516 /* Project object */;
}
